%{"bottler": {:git, "https://github.com/rubencaro/bottler.git", "1b15607231c1afebbe489e5a5b73bc15f3fa5098", []},
  "bson": {:hex, :bson, "0.4.4"},
  "gen_smtp": {:hex, :gen_smtp, "0.9.0"},
  "harakiri": {:hex, :harakiri, "0.6.0"},
  "mongo": {:hex, :mongo, "0.5.2"},
  "poolboy": {:hex, :poolboy, "1.4.2"},
  "populator": {:hex, :populator, "0.4.0"},
  "sshex": {:hex, :sshex, "2.0.0"}}
